
Microsoft Visual Studio Solution File, Format Version 12.00
# Visual Studio 15
VisualStudioVersion = 15.0.26430.6
MinimumVisualStudioVersion = 10.0.40219.1
Project("{FAE04EC0-301F-11D3-BF4B-00C04F79EFBC}") = "Conditionals_Task3", "Conditionals_Task3\Conditionals_Task3.csproj", "{134F7FF5-C6C0-483A-A249-120AF8F8039F}"
EndProject
Global
	GlobalSection(SolutionConfigurationPlatforms) = preSolution
		Debug|Any CPU = Debug|Any CPU
		Release|Any CPU = Release|Any CPU
	EndGlobalSection
	GlobalSection(ProjectConfigurationPlatforms) = postSolution
		{134F7FF5-C6C0-483A-A249-120AF8F8039F}.Debug|Any CPU.ActiveCfg = Debug|Any CPU
		{134F7FF5-C6C0-483A-A249-120AF8F8039F}.Debug|Any CPU.Build.0 = Debug|Any CPU
		{134F7FF5-C6C0-483A-A249-120AF8F8039F}.Release|Any CPU.ActiveCfg = Release|Any CPU
		{134F7FF5-C6C0-483A-A249-120AF8F8039F}.Release|Any CPU.Build.0 = Release|Any CPU
	EndGlobalSection
	GlobalSection(SolutionProperties) = preSolution
		HideSolutionNode = FALSE
	EndGlobalSection
EndGlobal
