
Microsoft Visual Studio Solution File, Format Version 12.00
# Visual Studio 15
VisualStudioVersion = 15.0.26430.6
MinimumVisualStudioVersion = 10.0.40219.1
Project("{FAE04EC0-301F-11D3-BF4B-00C04F79EFBC}") = "Loops_Task13", "Loops_Task13\Loops_Task13.csproj", "{ABC47D2F-284F-4C60-AE07-5681B54EC6DE}"
EndProject
Global
	GlobalSection(SolutionConfigurationPlatforms) = preSolution
		Debug|Any CPU = Debug|Any CPU
		Release|Any CPU = Release|Any CPU
	EndGlobalSection
	GlobalSection(ProjectConfigurationPlatforms) = postSolution
		{ABC47D2F-284F-4C60-AE07-5681B54EC6DE}.Debug|Any CPU.ActiveCfg = Debug|Any CPU
		{ABC47D2F-284F-4C60-AE07-5681B54EC6DE}.Debug|Any CPU.Build.0 = Debug|Any CPU
		{ABC47D2F-284F-4C60-AE07-5681B54EC6DE}.Release|Any CPU.ActiveCfg = Release|Any CPU
		{ABC47D2F-284F-4C60-AE07-5681B54EC6DE}.Release|Any CPU.Build.0 = Release|Any CPU
	EndGlobalSection
	GlobalSection(SolutionProperties) = preSolution
		HideSolutionNode = FALSE
	EndGlobalSection
EndGlobal
