
Microsoft Visual Studio Solution File, Format Version 12.00
# Visual Studio 15
VisualStudioVersion = 15.0.26730.16
MinimumVisualStudioVersion = 10.0.40219.1
Project("{FAE04EC0-301F-11D3-BF4B-00C04F79EFBC}") = "Exercise10", "Exercise10\Exercise10.csproj", "{EEAAC36B-1154-44AB-BF1D-EDEECC03B768}"
EndProject
Global
	GlobalSection(SolutionConfigurationPlatforms) = preSolution
		Debug|Any CPU = Debug|Any CPU
		Release|Any CPU = Release|Any CPU
	EndGlobalSection
	GlobalSection(ProjectConfigurationPlatforms) = postSolution
		{EEAAC36B-1154-44AB-BF1D-EDEECC03B768}.Debug|Any CPU.ActiveCfg = Debug|Any CPU
		{EEAAC36B-1154-44AB-BF1D-EDEECC03B768}.Debug|Any CPU.Build.0 = Debug|Any CPU
		{EEAAC36B-1154-44AB-BF1D-EDEECC03B768}.Release|Any CPU.ActiveCfg = Release|Any CPU
		{EEAAC36B-1154-44AB-BF1D-EDEECC03B768}.Release|Any CPU.Build.0 = Release|Any CPU
	EndGlobalSection
	GlobalSection(SolutionProperties) = preSolution
		HideSolutionNode = FALSE
	EndGlobalSection
	GlobalSection(ExtensibilityGlobals) = postSolution
		SolutionGuid = {096DCD84-3AA9-4EBF-A726-18CD8BE140CE}
	EndGlobalSection
EndGlobal
