
Microsoft Visual Studio Solution File, Format Version 12.00
# Visual Studio 15
VisualStudioVersion = 15.0.26730.16
MinimumVisualStudioVersion = 10.0.40219.1
Project("{FAE04EC0-301F-11D3-BF4B-00C04F79EFBC}") = "Exercise9", "Exercise9\Exercise9.csproj", "{8977C4AA-FD3B-43BD-984D-8E873EA15DAF}"
EndProject
Global
	GlobalSection(SolutionConfigurationPlatforms) = preSolution
		Debug|Any CPU = Debug|Any CPU
		Release|Any CPU = Release|Any CPU
	EndGlobalSection
	GlobalSection(ProjectConfigurationPlatforms) = postSolution
		{8977C4AA-FD3B-43BD-984D-8E873EA15DAF}.Debug|Any CPU.ActiveCfg = Debug|Any CPU
		{8977C4AA-FD3B-43BD-984D-8E873EA15DAF}.Debug|Any CPU.Build.0 = Debug|Any CPU
		{8977C4AA-FD3B-43BD-984D-8E873EA15DAF}.Release|Any CPU.ActiveCfg = Release|Any CPU
		{8977C4AA-FD3B-43BD-984D-8E873EA15DAF}.Release|Any CPU.Build.0 = Release|Any CPU
	EndGlobalSection
	GlobalSection(SolutionProperties) = preSolution
		HideSolutionNode = FALSE
	EndGlobalSection
	GlobalSection(ExtensibilityGlobals) = postSolution
		SolutionGuid = {E977B7B1-BA81-4370-B555-9AAFAEB73F1E}
	EndGlobalSection
EndGlobal
