
Microsoft Visual Studio Solution File, Format Version 12.00
# Visual Studio 15
VisualStudioVersion = 15.0.27130.2027
MinimumVisualStudioVersion = 10.0.40219.1
Project("{FAE04EC0-301F-11D3-BF4B-00C04F79EFBC}") = "Arrays_Task6", "Arrays_Task6\Arrays_Task6.csproj", "{D142E685-FDD3-464A-A816-690278D8EFDE}"
EndProject
Global
	GlobalSection(SolutionConfigurationPlatforms) = preSolution
		Debug|Any CPU = Debug|Any CPU
		Release|Any CPU = Release|Any CPU
	EndGlobalSection
	GlobalSection(ProjectConfigurationPlatforms) = postSolution
		{D142E685-FDD3-464A-A816-690278D8EFDE}.Debug|Any CPU.ActiveCfg = Debug|Any CPU
		{D142E685-FDD3-464A-A816-690278D8EFDE}.Debug|Any CPU.Build.0 = Debug|Any CPU
		{D142E685-FDD3-464A-A816-690278D8EFDE}.Release|Any CPU.ActiveCfg = Release|Any CPU
		{D142E685-FDD3-464A-A816-690278D8EFDE}.Release|Any CPU.Build.0 = Release|Any CPU
	EndGlobalSection
	GlobalSection(SolutionProperties) = preSolution
		HideSolutionNode = FALSE
	EndGlobalSection
	GlobalSection(ExtensibilityGlobals) = postSolution
		SolutionGuid = {16530215-6528-4BE3-A76B-FDDD6FEA33C6}
	EndGlobalSection
EndGlobal
