
Microsoft Visual Studio Solution File, Format Version 12.00
# Visual Studio 15
VisualStudioVersion = 15.0.26430.6
MinimumVisualStudioVersion = 10.0.40219.1
Project("{FAE04EC0-301F-11D3-BF4B-00C04F79EFBC}") = "Conditionals_Task5", "Conditionals_Task5\Conditionals_Task5.csproj", "{D2EE1A04-A42A-42CA-B9C0-382F686EC089}"
EndProject
Global
	GlobalSection(SolutionConfigurationPlatforms) = preSolution
		Debug|Any CPU = Debug|Any CPU
		Release|Any CPU = Release|Any CPU
	EndGlobalSection
	GlobalSection(ProjectConfigurationPlatforms) = postSolution
		{D2EE1A04-A42A-42CA-B9C0-382F686EC089}.Debug|Any CPU.ActiveCfg = Debug|Any CPU
		{D2EE1A04-A42A-42CA-B9C0-382F686EC089}.Debug|Any CPU.Build.0 = Debug|Any CPU
		{D2EE1A04-A42A-42CA-B9C0-382F686EC089}.Release|Any CPU.ActiveCfg = Release|Any CPU
		{D2EE1A04-A42A-42CA-B9C0-382F686EC089}.Release|Any CPU.Build.0 = Release|Any CPU
	EndGlobalSection
	GlobalSection(SolutionProperties) = preSolution
		HideSolutionNode = FALSE
	EndGlobalSection
EndGlobal
