
Microsoft Visual Studio Solution File, Format Version 12.00
# Visual Studio 15
VisualStudioVersion = 15.0.26430.6
MinimumVisualStudioVersion = 10.0.40219.1
Project("{FAE04EC0-301F-11D3-BF4B-00C04F79EFBC}") = "Loops_Task17", "Loops_Task17\Loops_Task17.csproj", "{54D990F5-106D-4C0E-83CF-85CA3D4F760F}"
EndProject
Global
	GlobalSection(SolutionConfigurationPlatforms) = preSolution
		Debug|Any CPU = Debug|Any CPU
		Release|Any CPU = Release|Any CPU
	EndGlobalSection
	GlobalSection(ProjectConfigurationPlatforms) = postSolution
		{54D990F5-106D-4C0E-83CF-85CA3D4F760F}.Debug|Any CPU.ActiveCfg = Debug|Any CPU
		{54D990F5-106D-4C0E-83CF-85CA3D4F760F}.Debug|Any CPU.Build.0 = Debug|Any CPU
		{54D990F5-106D-4C0E-83CF-85CA3D4F760F}.Release|Any CPU.ActiveCfg = Release|Any CPU
		{54D990F5-106D-4C0E-83CF-85CA3D4F760F}.Release|Any CPU.Build.0 = Release|Any CPU
	EndGlobalSection
	GlobalSection(SolutionProperties) = preSolution
		HideSolutionNode = FALSE
	EndGlobalSection
EndGlobal
